
Microsoft Visual Studio Solution File, Format Version 12.00
Project("{F2A71F9B-5D33-465A-A702-920D77279786}") = "FSCalculator", "FSCalculator.fsproj", "{01C527DB-61C1-41EC-A62D-B2B09819A827}"
EndProject
Global
	GlobalSection(SolutionConfigurationPlatforms) = preSolution
		Debug|Any CPU = Debug|Any CPU
		Release|Any CPU = Release|Any CPU
	EndGlobalSection
	GlobalSection(ProjectConfigurationPlatforms) = postSolution
		{01C527DB-61C1-41EC-A62D-B2B09819A827}.Debug|Any CPU.ActiveCfg = Debug|Any CPU
		{01C527DB-61C1-41EC-A62D-B2B09819A827}.Debug|Any CPU.Build.0 = Debug|Any CPU
		{01C527DB-61C1-41EC-A62D-B2B09819A827}.Release|Any CPU.ActiveCfg = Release|Any CPU
		{01C527DB-61C1-41EC-A62D-B2B09819A827}.Release|Any CPU.Build.0 = Release|Any CPU
	EndGlobalSection
EndGlobal
